
Microsoft Visual Studio Solution File, Format Version 12.00
# Visual Studio Version 16
VisualStudioVersion = 16.0.30204.135
MinimumVisualStudioVersion = 10.0.40219.1
Project("{FAE04EC0-301F-11D3-BF4B-00C04F79EFBC}") = "TddKata", "TddKata\TddKata.csproj", "{8FEA291A-E523-4B43-A7CC-A9D09A442F8F}"
EndProject
Project("{FAE04EC0-301F-11D3-BF4B-00C04F79EFBC}") = "TddKata.Tests", "TddKata.Tests\TddKata.Tests.csproj", "{7972CA87-48B4-46E1-9FE0-3B7445289A50}"
EndProject
Global
	GlobalSection(SolutionConfigurationPlatforms) = preSolution
		Debug|Any CPU = Debug|Any CPU
		Release|Any CPU = Release|Any CPU
	EndGlobalSection
	GlobalSection(ProjectConfigurationPlatforms) = postSolution
		{8FEA291A-E523-4B43-A7CC-A9D09A442F8F}.Debug|Any CPU.ActiveCfg = Debug|Any CPU
		{8FEA291A-E523-4B43-A7CC-A9D09A442F8F}.Debug|Any CPU.Build.0 = Debug|Any CPU
		{8FEA291A-E523-4B43-A7CC-A9D09A442F8F}.Release|Any CPU.ActiveCfg = Release|Any CPU
		{8FEA291A-E523-4B43-A7CC-A9D09A442F8F}.Release|Any CPU.Build.0 = Release|Any CPU
		{7972CA87-48B4-46E1-9FE0-3B7445289A50}.Debug|Any CPU.ActiveCfg = Debug|Any CPU
		{7972CA87-48B4-46E1-9FE0-3B7445289A50}.Debug|Any CPU.Build.0 = Debug|Any CPU
		{7972CA87-48B4-46E1-9FE0-3B7445289A50}.Release|Any CPU.ActiveCfg = Release|Any CPU
		{7972CA87-48B4-46E1-9FE0-3B7445289A50}.Release|Any CPU.Build.0 = Release|Any CPU
	EndGlobalSection
	GlobalSection(SolutionProperties) = preSolution
		HideSolutionNode = FALSE
	EndGlobalSection
	GlobalSection(ExtensibilityGlobals) = postSolution
		SolutionGuid = {7AFE0BBE-E957-46BE-8164-E50454652539}
	EndGlobalSection
EndGlobal
